
Microsoft Visual Studio Solution File, Format Version 12.00
# Visual Studio Version 17
VisualStudioVersion = 17.3.32929.385
MinimumVisualStudioVersion = 10.0.40219.1
Project("{FAE04EC0-301F-11D3-BF4B-00C04F79EFBC}") = "ChamikaToysHouse_FrontEnd", "ChamikaToysHouse_FrontEnd\ChamikaToysHouse_FrontEnd.csproj", "{2984BD2D-04CE-4A73-8625-4A9DC29C9EBF}"
EndProject
Global
	GlobalSection(SolutionConfigurationPlatforms) = preSolution
		Debug|Any CPU = Debug|Any CPU
		Release|Any CPU = Release|Any CPU
	EndGlobalSection
	GlobalSection(ProjectConfigurationPlatforms) = postSolution
		{2984BD2D-04CE-4A73-8625-4A9DC29C9EBF}.Debug|Any CPU.ActiveCfg = Debug|Any CPU
		{2984BD2D-04CE-4A73-8625-4A9DC29C9EBF}.Debug|Any CPU.Build.0 = Debug|Any CPU
		{2984BD2D-04CE-4A73-8625-4A9DC29C9EBF}.Release|Any CPU.ActiveCfg = Release|Any CPU
		{2984BD2D-04CE-4A73-8625-4A9DC29C9EBF}.Release|Any CPU.Build.0 = Release|Any CPU
	EndGlobalSection
	GlobalSection(SolutionProperties) = preSolution
		HideSolutionNode = FALSE
	EndGlobalSection
	GlobalSection(ExtensibilityGlobals) = postSolution
		SolutionGuid = {3808283F-1017-4E6E-A64D-5DF28A631AA8}
	EndGlobalSection
EndGlobal
